
Microsoft Visual Studio Solution File, Format Version 12.00
# Visual Studio Version 16
VisualStudioVersion = 16.0.30104.148
MinimumVisualStudioVersion = 15.0.26124.0
Project("{9A19103F-16F7-4668-BE54-9A1E7A4F7556}") = "Milio.API", "Milio.API\Milio.API.csproj", "{5E14621B-171B-407B-A10C-A926313A4D6A}"
EndProject
Project("{FAE04EC0-301F-11D3-BF4B-00C04F79EFBC}") = "Milio.Tests", "Milio.Tests\Milio.Tests.csproj", "{8AED2BB2-0FB9-4526-8DB3-152FC11A8B55}"
EndProject
Global
	GlobalSection(SolutionConfigurationPlatforms) = preSolution
		Debug|Any CPU = Debug|Any CPU
		Debug|x64 = Debug|x64
		Debug|x86 = Debug|x86
		Release|Any CPU = Release|Any CPU
		Release|x64 = Release|x64
		Release|x86 = Release|x86
	EndGlobalSection
	GlobalSection(ProjectConfigurationPlatforms) = postSolution
		{5E14621B-171B-407B-A10C-A926313A4D6A}.Debug|Any CPU.ActiveCfg = Debug|Any CPU
		{5E14621B-171B-407B-A10C-A926313A4D6A}.Debug|Any CPU.Build.0 = Debug|Any CPU
		{5E14621B-171B-407B-A10C-A926313A4D6A}.Debug|x64.ActiveCfg = Debug|Any CPU
		{5E14621B-171B-407B-A10C-A926313A4D6A}.Debug|x64.Build.0 = Debug|Any CPU
		{5E14621B-171B-407B-A10C-A926313A4D6A}.Debug|x86.ActiveCfg = Debug|Any CPU
		{5E14621B-171B-407B-A10C-A926313A4D6A}.Debug|x86.Build.0 = Debug|Any CPU
		{5E14621B-171B-407B-A10C-A926313A4D6A}.Release|Any CPU.ActiveCfg = Release|Any CPU
		{5E14621B-171B-407B-A10C-A926313A4D6A}.Release|Any CPU.Build.0 = Release|Any CPU
		{5E14621B-171B-407B-A10C-A926313A4D6A}.Release|x64.ActiveCfg = Release|Any CPU
		{5E14621B-171B-407B-A10C-A926313A4D6A}.Release|x64.Build.0 = Release|Any CPU
		{5E14621B-171B-407B-A10C-A926313A4D6A}.Release|x86.ActiveCfg = Release|Any CPU
		{5E14621B-171B-407B-A10C-A926313A4D6A}.Release|x86.Build.0 = Release|Any CPU
		{8AED2BB2-0FB9-4526-8DB3-152FC11A8B55}.Debug|Any CPU.ActiveCfg = Debug|Any CPU
		{8AED2BB2-0FB9-4526-8DB3-152FC11A8B55}.Debug|Any CPU.Build.0 = Debug|Any CPU
		{8AED2BB2-0FB9-4526-8DB3-152FC11A8B55}.Debug|x64.ActiveCfg = Debug|Any CPU
		{8AED2BB2-0FB9-4526-8DB3-152FC11A8B55}.Debug|x64.Build.0 = Debug|Any CPU
		{8AED2BB2-0FB9-4526-8DB3-152FC11A8B55}.Debug|x86.ActiveCfg = Debug|Any CPU
		{8AED2BB2-0FB9-4526-8DB3-152FC11A8B55}.Debug|x86.Build.0 = Debug|Any CPU
		{8AED2BB2-0FB9-4526-8DB3-152FC11A8B55}.Release|Any CPU.ActiveCfg = Release|Any CPU
		{8AED2BB2-0FB9-4526-8DB3-152FC11A8B55}.Release|Any CPU.Build.0 = Release|Any CPU
		{8AED2BB2-0FB9-4526-8DB3-152FC11A8B55}.Release|x64.ActiveCfg = Release|Any CPU
		{8AED2BB2-0FB9-4526-8DB3-152FC11A8B55}.Release|x64.Build.0 = Release|Any CPU
		{8AED2BB2-0FB9-4526-8DB3-152FC11A8B55}.Release|x86.ActiveCfg = Release|Any CPU
		{8AED2BB2-0FB9-4526-8DB3-152FC11A8B55}.Release|x86.Build.0 = Release|Any CPU
	EndGlobalSection
	GlobalSection(SolutionProperties) = preSolution
		HideSolutionNode = FALSE
	EndGlobalSection
	GlobalSection(ExtensibilityGlobals) = postSolution
		SolutionGuid = {569857A1-5214-414C-90B7-4B9845C0C815}
	EndGlobalSection
EndGlobal
